{
  "name": "smb3-web-platform",
  "lockfileVersion": 3,
  "requires": true,
  "packages": {
    "": {
      "name": "smb3-web-platform",
      "workspaces": [
        "packages/*",
        "services/*"
      ],
      "dependencies": {
        "ws": "^8.18.3"
      },
      "devDependencies": {
        "turbo": "^2.0.0"
      }
    },
    "node_modules/@smb3-service/analytics": {
      "resolved": "services/analytics",
      "link": true
    },
    "node_modules/@smb3-service/anti-cheat": {
      "resolved": "services/anti-cheat",
      "link": true
    },
    "node_modules/@smb3-service/auth": {
      "resolved": "services/auth",
      "link": true
    },
    "node_modules/@smb3-service/cdn": {
      "resolved": "services/cdn",
      "link": true
    },
    "node_modules/@smb3-service/commerce": {
      "resolved": "services/commerce",
      "link": true
    },
    "node_modules/@smb3-service/config": {
      "resolved": "services/config",
      "link": true
    },
    "node_modules/@smb3-service/leaderboards": {
      "resolved": "services/leaderboards",
      "link": true
    },
    "node_modules/@smb3-service/live-ops": {
      "resolved": "services/live-ops",
      "link": true
    },
    "node_modules/@smb3-service/matchmaking": {
      "resolved": "services/matchmaking",
      "link": true
    },
    "node_modules/@smb3-service/multiplayer": {
      "resolved": "services/multiplayer",
      "link": true
    },
    "node_modules/@smb3-service/news": {
      "resolved": "services/news",
      "link": true
    },
    "node_modules/@smb3-service/profiles": {
      "resolved": "services/profiles",
      "link": true
    },
    "node_modules/@smb3-service/replays": {
      "resolved": "services/replays",
      "link": true
    },
    "node_modules/@smb3-service/saves": {
      "resolved": "services/saves",
      "link": true
    },
    "node_modules/@smb3-service/social": {
      "resolved": "services/social",
      "link": true
    },
    "node_modules/@smb3-service/tournaments": {
      "resolved": "services/tournaments",
      "link": true
    },
    "node_modules/@smb3-service/ugc": {
      "resolved": "services/ugc",
      "link": true
    },
    "node_modules/@smb3/analytics": {
      "resolved": "packages/analytics",
      "link": true
    },
    "node_modules/@smb3/design-system": {
      "resolved": "packages/design-system",
      "link": true
    },
    "node_modules/@smb3/feature-flags": {
      "resolved": "packages/feature-flags",
      "link": true
    },
    "node_modules/@smb3/game-content": {
      "resolved": "packages/game-content",
      "link": true
    },
    "node_modules/@smb3/game-core": {
      "resolved": "packages/game-core",
      "link": true
    },
    "node_modules/@smb3/game-editors": {
      "resolved": "packages/game-editors",
      "link": true
    },
    "node_modules/@smb3/game-netcode": {
      "resolved": "packages/game-netcode",
      "link": true
    },
    "node_modules/@smb3/game-replays": {
      "resolved": "packages/game-replays",
      "link": true
    },
    "node_modules/@smb3/game-scripting": {
      "resolved": "packages/game-scripting",
      "link": true
    },
    "node_modules/@smb3/sdk": {
      "resolved": "packages/sdk",
      "link": true
    },
    "node_modules/@smb3/shared": {
      "resolved": "packages/shared",
      "link": true
    },
    "node_modules/@smb3/web-client": {
      "resolved": "packages/web-client",
      "link": true
    },
    "node_modules/turbo": {
      "version": "2.7.2",
      "resolved": "https://registry.npmjs.org/turbo/-/turbo-2.7.2.tgz",
      "integrity": "sha512-5JIA5aYBAJSAhrhbyag1ZuMSgUZnHtI+Sq3H8D3an4fL8PeF+L1yYvbEJg47akP1PFfATMf5ehkqFnxfkmuwZQ==",
      "dev": true,
      "license": "MIT",
      "bin": {
        "turbo": "bin/turbo"
      },
      "optionalDependencies": {
        "turbo-darwin-64": "2.7.2",
        "turbo-darwin-arm64": "2.7.2",
        "turbo-linux-64": "2.7.2",
        "turbo-linux-arm64": "2.7.2",
        "turbo-windows-64": "2.7.2",
        "turbo-windows-arm64": "2.7.2"
      }
    },
    "node_modules/turbo-darwin-64": {
      "version": "2.7.2",
      "resolved": "https://registry.npmjs.org/turbo-darwin-64/-/turbo-darwin-64-2.7.2.tgz",
      "integrity": "sha512-dxY3X6ezcT5vm3coK6VGixbrhplbQMwgNsCsvZamS/+/6JiebqW9DKt4NwpgYXhDY2HdH00I7FWs3wkVuan4rA==",
      "cpu": [
        "x64"
      ],
      "dev": true,
      "license": "MIT",
      "optional": true,
      "os": [
        "darwin"
      ]
    },
    "node_modules/turbo-darwin-arm64": {
      "version": "2.7.2",
      "resolved": "https://registry.npmjs.org/turbo-darwin-arm64/-/turbo-darwin-arm64-2.7.2.tgz",
      "integrity": "sha512-1bXmuwPLqNFt3mzrtYcVx1sdJ8UYb124Bf48nIgcpMCGZy3kDhgxNv1503kmuK/37OGOZbsWSQFU4I08feIuSg==",
      "cpu": [
        "arm64"
      ],
      "dev": true,
      "license": "MIT",
      "optional": true,
      "os": [
        "darwin"
      ]
    },
    "node_modules/turbo-linux-64": {
      "version": "2.7.2",
      "resolved": "https://registry.npmjs.org/turbo-linux-64/-/turbo-linux-64-2.7.2.tgz",
      "integrity": "sha512-kP+TiiMaiPugbRlv57VGLfcjFNsFbo8H64wMBCPV2270Or2TpDCBULMzZrvEsvWFjT3pBFvToYbdp8/Kw0jAQg==",
      "cpu": [
        "x64"
      ],
      "dev": true,
      "license": "MIT",
      "optional": true,
      "os": [
        "linux"
      ]
    },
    "node_modules/turbo-linux-arm64": {
      "version": "2.7.2",
      "resolved": "https://registry.npmjs.org/turbo-linux-arm64/-/turbo-linux-arm64-2.7.2.tgz",
      "integrity": "sha512-VDJwQ0+8zjAfbyY6boNaWfP6RIez4ypKHxwkuB6SrWbOSk+vxTyW5/hEjytTwK8w/TsbKVcMDyvpora8tEsRFw==",
      "cpu": [
        "arm64"
      ],
      "dev": true,
      "license": "MIT",
      "optional": true,
      "os": [
        "linux"
      ]
    },
    "node_modules/turbo-windows-64": {
      "version": "2.7.2",
      "resolved": "https://registry.npmjs.org/turbo-windows-64/-/turbo-windows-64-2.7.2.tgz",
      "integrity": "sha512-rPjqQXVnI6A6oxgzNEE8DNb6Vdj2Wwyhfv3oDc+YM3U9P7CAcBIlKv/868mKl4vsBtz4ouWpTQNXG8vljgJO+w==",
      "cpu": [
        "x64"
      ],
      "dev": true,
      "license": "MIT",
      "optional": true,
      "os": [
        "win32"
      ]
    },
    "node_modules/turbo-windows-arm64": {
      "version": "2.7.2",
      "resolved": "https://registry.npmjs.org/turbo-windows-arm64/-/turbo-windows-arm64-2.7.2.tgz",
      "integrity": "sha512-tcnHvBhO515OheIFWdxA+qUvZzNqqcHbLVFc1+n+TJ1rrp8prYicQtbtmsiKgMvr/54jb9jOabU62URAobnB7g==",
      "cpu": [
        "arm64"
      ],
      "dev": true,
      "license": "MIT",
      "optional": true,
      "os": [
        "win32"
      ]
    },
    "node_modules/ws": {
      "version": "8.18.3",
      "resolved": "https://registry.npmjs.org/ws/-/ws-8.18.3.tgz",
      "integrity": "sha512-PEIGCY5tSlUt50cqyMXfCzX+oOPqN0vuGqWzbcJ2xvnkzkq46oOpz7dQaTDBdfICb4N14+GARUDw2XV2N4tvzg==",
      "license": "MIT",
      "engines": {
        "node": ">=10.0.0"
      },
      "peerDependencies": {
        "bufferutil": "^4.0.1",
        "utf-8-validate": ">=5.0.2"
      },
      "peerDependenciesMeta": {
        "bufferutil": {
          "optional": true
        },
        "utf-8-validate": {
          "optional": true
        }
      }
    },
    "packages/analytics": {
      "name": "@smb3/analytics",
      "version": "0.0.0"
    },
    "packages/design-system": {
      "name": "@smb3/design-system",
      "version": "0.0.0"
    },
    "packages/feature-flags": {
      "name": "@smb3/feature-flags",
      "version": "0.0.0"
    },
    "packages/game-content": {
      "name": "@smb3/game-content",
      "version": "0.0.0"
    },
    "packages/game-core": {
      "name": "@smb3/game-core",
      "version": "0.0.0"
    },
    "packages/game-editors": {
      "name": "@smb3/game-editors",
      "version": "0.0.0"
    },
    "packages/game-netcode": {
      "name": "@smb3/game-netcode",
      "version": "0.0.0"
    },
    "packages/game-replays": {
      "name": "@smb3/game-replays",
      "version": "0.0.0"
    },
    "packages/game-scripting": {
      "name": "@smb3/game-scripting",
      "version": "0.0.0"
    },
    "packages/sdk": {
      "name": "@smb3/sdk",
      "version": "0.0.0"
    },
    "packages/shared": {
      "name": "@smb3/shared",
      "version": "0.0.0"
    },
    "packages/web-client": {
      "name": "@smb3/web-client",
      "version": "0.0.0"
    },
    "services/analytics": {
      "name": "@smb3-service/analytics",
      "version": "0.0.0"
    },
    "services/anti-cheat": {
      "name": "@smb3-service/anti-cheat",
      "version": "0.0.0"
    },
    "services/auth": {
      "name": "@smb3-service/auth",
      "version": "0.0.0"
    },
    "services/cdn": {
      "name": "@smb3-service/cdn",
      "version": "0.0.0"
    },
    "services/commerce": {
      "name": "@smb3-service/commerce",
      "version": "0.0.0"
    },
    "services/config": {
      "name": "@smb3-service/config",
      "version": "0.0.0"
    },
    "services/leaderboards": {
      "name": "@smb3-service/leaderboards",
      "version": "0.0.0"
    },
    "services/live-ops": {
      "name": "@smb3-service/live-ops",
      "version": "0.0.0"
    },
    "services/matchmaking": {
      "name": "@smb3-service/matchmaking",
      "version": "0.0.0"
    },
    "services/multiplayer": {
      "name": "@smb3-service/multiplayer",
      "version": "0.0.0",
      "dependencies": {
        "ws": "^8.18.3"
      }
    },
    "services/news": {
      "name": "@smb3-service/news",
      "version": "0.0.0"
    },
    "services/profiles": {
      "name": "@smb3-service/profiles",
      "version": "0.0.0"
    },
    "services/replays": {
      "name": "@smb3-service/replays",
      "version": "0.0.0"
    },
    "services/saves": {
      "name": "@smb3-service/saves",
      "version": "0.0.0"
    },
    "services/social": {
      "name": "@smb3-service/social",
      "version": "0.0.0"
    },
    "services/tournaments": {
      "name": "@smb3-service/tournaments",
      "version": "0.0.0"
    },
    "services/ugc": {
      "name": "@smb3-service/ugc",
      "version": "0.0.0"
    }
  }
}
